// !$*UTF8*$!
{
	archiveVersion = 1;
	classes = {
	};
	objectVersion = 46;
	objects = {

/* Begin PBXBuildFile section */
		37172FE11DF597D4000A1D70 /* AppDelegate.swift in Sources */ = {isa = PBXBuildFile; fileRef = 37172FE01DF597D4000A1D70 /* AppDelegate.swift */; };
		37172FE31DF597D4000A1D70 /* ViewController.swift in Sources */ = {isa = PBXBuildFile; fileRef = 37172FE21DF597D4000A1D70 /* ViewController.swift */; };
		37172FE61DF597D4000A1D70 /* Main.storyboard in Resources */ = {isa = PBXBuildFile; fileRef = 37172FE41DF597D4000A1D70 /* Main.storyboard */; };
		37172FE81DF597D4000A1D70 /* Assets.xcassets in Resources */ = {isa = PBXBuildFile; fileRef = 37172FE71DF597D4000A1D70 /* Assets.xcassets */; };
		37172FEB1DF597D4000A1D70 /* LaunchScreen.storyboard in Resources */ = {isa = PBXBuildFile; fileRef = 37172FE91DF597D4000A1D70 /* LaunchScreen.storyboard */; };
		3758ED461DF702810066B780 /* MakerCycleView.swift in Sources */ = {isa = PBXBuildFile; fileRef = 3758ED441DF702810066B780 /* MakerCycleView.swift */; };
		3758ED471DF702810066B780 /* MakerCycleView.xib in Resources */ = {isa = PBXBuildFile; fileRef = 3758ED451DF702810066B780 /* MakerCycleView.xib */; };
		3758ED4A1DF702F60066B780 /* CycleCollectionCell.swift in Sources */ = {isa = PBXBuildFile; fileRef = 3758ED481DF702F60066B780 /* CycleCollectionCell.swift */; };
		3758ED4B1DF702F60066B780 /* CycleCollectionCell.xib in Resources */ = {isa = PBXBuildFile; fileRef = 3758ED491DF702F60066B780 /* CycleCollectionCell.xib */; };
		C8E39120793ADA0389F9CC27 /* Pods_MakerCycleView.framework in Frameworks */ = {isa = PBXBuildFile; fileRef = 1FDED2E81AFBCC9320A38BA8 /* Pods_MakerCycleView.framework */; };
/* End PBXBuildFile section */

/* Begin PBXFileReference section */
		1FDED2E81AFBCC9320A38BA8 /* Pods_MakerCycleView.framework */ = {isa = PBXFileReference; explicitFileType = wrapper.framework; includeInIndex = 0; path = Pods_MakerCycleView.framework; sourceTree = BUILT_PRODUCTS_DIR; };
		37172FDD1DF597D4000A1D70 /* MakerCycleView.app */ = {isa = PBXFileReference; explicitFileType = wrapper.application; includeInIndex = 0; path = MakerCycleView.app; sourceTree = BUILT_PRODUCTS_DIR; };
		37172FE01DF597D4000A1D70 /* AppDelegate.swift */ = {isa = PBXFileReference; lastKnownFileType = sourcecode.swift; path = AppDelegate.swift; sourceTree = "<group>"; };
		37172FE21DF597D4000A1D70 /* ViewController.swift */ = {isa = PBXFileReference; lastKnownFileType = sourcecode.swift; path = ViewController.swift; sourceTree = "<group>"; };
		37172FE51DF597D4000A1D70 /* Base */ = {isa = PBXFileReference; lastKnownFileType = file.storyboard; name = Base; path = Base.lproj/Main.storyboard; sourceTree = "<group>"; };
		37172FE71DF597D4000A1D70 /* Assets.xcassets */ = {isa = PBXFileReference; lastKnownFileType = folder.assetcatalog; path = Assets.xcassets; sourceTree = "<group>"; };
		37172FEA1DF597D4000A1D70 /* Base */ = {isa = PBXFileReference; lastKnownFileType = file.storyboard; name = Base; path = Base.lproj/LaunchScreen.storyboard; sourceTree = "<group>"; };
		37172FEC1DF597D4000A1D70 /* Info.plist */ = {isa = PBXFileReference; lastKnownFileType = text.plist.xml; path = Info.plist; sourceTree = "<group>"; };
		3758ED441DF702810066B780 /* MakerCycleView.swift */ = {isa = PBXFileReference; fileEncoding = 4; lastKnownFileType = sourcecode.swift; path = MakerCycleView.swift; sourceTree = "<group>"; };
		3758ED451DF702810066B780 /* MakerCycleView.xib */ = {isa = PBXFileReference; fileEncoding = 4; lastKnownFileType = file.xib; path = MakerCycleView.xib; sourceTree = "<group>"; };
		3758ED481DF702F60066B780 /* CycleCollectionCell.swift */ = {isa = PBXFileReference; fileEncoding = 4; lastKnownFileType = sourcecode.swift; path = CycleCollectionCell.swift; sourceTree = "<group>"; };
		3758ED491DF702F60066B780 /* CycleCollectionCell.xib */ = {isa = PBXFileReference; fileEncoding = 4; lastKnownFileType = file.xib; path = CycleCollectionCell.xib; sourceTree = "<group>"; };
		AB2A08E5359BDD95855A6598 /* Pods-MakerCycleView.release.xcconfig */ = {isa = PBXFileReference; includeInIndex = 1; lastKnownFileType = text.xcconfig; name = "Pods-MakerCycleView.release.xcconfig"; path = "Pods/Target Support Files/Pods-MakerCycleView/Pods-MakerCycleView.release.xcconfig"; sourceTree = "<group>"; };
		F7B1C203E618E7AD10E621FB /* Pods-MakerCycleView.debug.xcconfig */ = {isa = PBXFileReference; includeInIndex = 1; lastKnownFileType = text.xcconfig; name = "Pods-MakerCycleView.debug.xcconfig"; path = "Pods/Target Support Files/Pods-MakerCycleView/Pods-MakerCycleView.debug.xcconfig"; sourceTree = "<group>"; };
/* End PBXFileReference section */

/* Begin PBXFrameworksBuildPhase section */
		37172FDA1DF597D4000A1D70 /* Frameworks */ = {
			isa = PBXFrameworksBuildPhase;
			buildActionMask = 2147483647;
			files = (
				C8E39120793ADA0389F9CC27 /* Pods_MakerCycleView.framework in Frameworks */,
			);
			runOnlyForDeploymentPostprocessing = 0;
		};
/* End PBXFrameworksBuildPhase section */

/* Begin PBXGroup section */
		26DBD08F64D52ECD41A4A243 /* Frameworks */ = {
			isa = PBXGroup;
			children = (
				1FDED2E81AFBCC9320A38BA8 /* Pods_MakerCycleView.framework */,
			);
			name = Frameworks;
			sourceTree = "<group>";
		};
		37172FD41DF597D4000A1D70 = {
			isa = PBXGroup;
			children = (
				37172FDF1DF597D4000A1D70 /* MakerCycleView */,
				37172FDE1DF597D4000A1D70 /* Products */,
				A061E60967DDFAE1A2C04CD1 /* Pods */,
				26DBD08F64D52ECD41A4A243 /* Frameworks */,
			);
			sourceTree = "<group>";
		};
		37172FDE1DF597D4000A1D70 /* Products */ = {
			isa = PBXGroup;
			children = (
				37172FDD1DF597D4000A1D70 /* MakerCycleView.app */,
			);
			name = Products;
			sourceTree = "<group>";
		};
		37172FDF1DF597D4000A1D70 /* MakerCycleView */ = {
			isa = PBXGroup;
			children = (
				37172FE01DF597D4000A1D70 /* AppDelegate.swift */,
				37172FE21DF597D4000A1D70 /* ViewController.swift */,
				37172FE41DF597D4000A1D70 /* Main.storyboard */,
				3758ED431DF702540066B780 /* lib */,
				37172FE71DF597D4000A1D70 /* Assets.xcassets */,
				37172FE91DF597D4000A1D70 /* LaunchScreen.storyboard */,
				37172FEC1DF597D4000A1D70 /* Info.plist */,
			);
			path = MakerCycleView;
			sourceTree = "<group>";
		};
		3758ED431DF702540066B780 /* lib */ = {
			isa = PBXGroup;
			children = (
				3758ED441DF702810066B780 /* MakerCycleView.swift */,
				3758ED451DF702810066B780 /* MakerCycleView.xib */,
				3758ED481DF702F60066B780 /* CycleCollectionCell.swift */,
				3758ED491DF702F60066B780 /* CycleCollectionCell.xib */,
			);
			path = lib;
			sourceTree = "<group>";
		};
		A061E60967DDFAE1A2C04CD1 /* Pods */ = {
			isa = PBXGroup;
			children = (
				F7B1C203E618E7AD10E621FB /* Pods-MakerCycleView.debug.xcconfig */,
				AB2A08E5359BDD95855A6598 /* Pods-MakerCycleView.release.xcconfig */,
			);
			name = Pods;
			sourceTree = "<group>";
		};
/* End PBXGroup section */

/* Begin PBXNativeTarget section */
		37172FDC1DF597D4000A1D70 /* MakerCycleView */ = {
			isa = PBXNativeTarget;
			buildConfigurationList = 37172FEF1DF597D4000A1D70 /* Build configuration list for PBXNativeTarget "MakerCycleView" */;
			buildPhases = (
				E656542157E47519B6AE4E26 /* [CP] Check Pods Manifest.lock */,
				37172FD91DF597D4000A1D70 /* Sources */,
				37172FDA1DF597D4000A1D70 /* Frameworks */,
				37172FDB1DF597D4000A1D70 /* Resources */,
				27551623C4089312C7FC08A3 /* [CP] Embed Pods Frameworks */,
				9BC7761A89EAA5BA9BEEF0FE /* [CP] Copy Pods Resources */,
			);
			buildRules = (
			);
			dependencies = (
			);
			name = MakerCycleView;
			productName = MakerCycleView;
			productReference = 37172FDD1DF597D4000A1D70 /* MakerCycleView.app */;
			productType = "com.apple.product-type.application";
		};
/* End PBXNativeTarget section */

/* Begin PBXProject section */
		37172FD51DF597D4000A1D70 /* Project object */ = {
			isa = PBXProject;
			attributes = {
				LastSwiftUpdateCheck = 0810;
				LastUpgradeCheck = 0810;
				ORGANIZATIONNAME = maker;
				TargetAttributes = {
					37172FDC1DF597D4000A1D70 = {
						CreatedOnToolsVersion = 8.1;
						DevelopmentTeam = KY98ADSRDF;
						ProvisioningStyle = Automatic;
					};
				};
			};
			buildConfigurationList = 37172FD81DF597D4000A1D70 /* Build configuration list for PBXProject "MakerCycleView" */;
			compatibilityVersion = "Xcode 3.2";
			developmentRegion = English;
			hasScannedForEncodings = 0;
			knownRegions = (
				en,
				Base,
			);
			mainGroup = 37172FD41DF597D4000A1D70;
			productRefGroup = 37172FDE1DF597D4000A1D70 /* Products */;
			projectDirPath = "";
			projectRoot = "";
			targets = (
				37172FDC1DF597D4000A1D70 /* MakerCycleView */,
			);
		};
/* End PBXProject section */

/* Begin PBXResourcesBuildPhase section */
		37172FDB1DF597D4000A1D70 /* Resources */ = {
			isa = PBXResourcesBuildPhase;
			buildActionMask = 2147483647;
			files = (
				37172FEB1DF597D4000A1D70 /* LaunchScreen.storyboard in Resources */,
				3758ED4B1DF702F60066B780 /* CycleCollectionCell.xib in Resources */,
				37172FE81DF597D4000A1D70 /* Assets.xcassets in Resources */,
				3758ED471DF702810066B780 /* MakerCycleView.xib in Resources */,
				37172FE61DF597D4000A1D70 /* Main.storyboard in Resources */,
			);
			runOnlyForDeploymentPostprocessing = 0;
		};
/* End PBXResourcesBuildPhase section */

/* Begin PBXShellScriptBuildPhase section */
		27551623C4089312C7FC08A3 /* [CP] Embed Pods Frameworks */ = {
			isa = PBXShellScriptBuildPhase;
			buildActionMask = 2147483647;
			files = (
			);
			inputPaths = (
			);
			name = "[CP] Embed Pods Frameworks";
			outputPaths = (
			);
			runOnlyForDeploymentPostprocessing = 0;
			shellPath = /bin/sh;
			shellScript = "\"${SRCROOT}/Pods/Target Support Files/Pods-MakerCycleView/Pods-MakerCycleView-frameworks.sh\"\n";
			showEnvVarsInLog = 0;
		};
		9BC7761A89EAA5BA9BEEF0FE /* [CP] Copy Pods Resources */ = {
			isa = PBXShellScriptBuildPhase;
			buildActionMask = 2147483647;
			files = (
			);
			inputPaths = (
			);
			name = "[CP] Copy Pods Resources";
			outputPaths = (
			);
			runOnlyForDeploymentPostprocessing = 0;
			shellPath = /bin/sh;
			shellScript = "\"${SRCROOT}/Pods/Target Support Files/Pods-MakerCycleView/Pods-MakerCycleView-resources.sh\"\n";
			showEnvVarsInLog = 0;
		};
		E656542157E47519B6AE4E26 /* [CP] Check Pods Manifest.lock */ = {
			isa = PBXShellScriptBuildPhase;
			buildActionMask = 2147483647;
			files = (
			);
			inputPaths = (
			);
			name = "[CP] Check Pods Manifest.lock";
			outputPaths = (
			);
			runOnlyForDeploymentPostprocessing = 0;
			shellPath = /bin/sh;
			shellScript = "diff \"${PODS_ROOT}/../Podfile.lock\" \"${PODS_ROOT}/Manifest.lock\" > /dev/null\nif [[ $? != 0 ]] ; then\n    cat << EOM\nerror: The sandbox is not in sync with the Podfile.lock. Run 'pod install' or update your CocoaPods installation.\nEOM\n    exit 1\nfi\n";
			showEnvVarsInLog = 0;
		};
/* End PBXShellScriptBuildPhase section */

/* Begin PBXSourcesBuildPhase section */
		37172FD91DF597D4000A1D70 /* Sources */ = {
			isa = PBXSourcesBuildPhase;
			buildActionMask = 2147483647;
			files = (
				3758ED4A1DF702F60066B780 /* CycleCollectionCell.swift in Sources */,
				3758ED461DF702810066B780 /* MakerCycleView.swift in Sources */,
				37172FE31DF597D4000A1D70 /* ViewController.swift in Sources */,
				37172FE11DF597D4000A1D70 /* AppDelegate.swift in Sources */,
			);
			runOnlyForDeploymentPostprocessing = 0;
		};
/* End PBXSourcesBuildPhase section */

/* Begin PBXVariantGroup section */
		37172FE41DF597D4000A1D70 /* Main.storyboard */ = {
			isa = PBXVariantGroup;
			children = (
				37172FE51DF597D4000A1D70 /* Base */,
			);
			name = Main.storyboard;
			sourceTree = "<group>";
		};
		37172FE91DF597D4000A1D70 /* LaunchScreen.storyboard */ = {
			isa = PBXVariantGroup;
			children = (
				37172FEA1DF597D4000A1D70 /* Base */,
			);
			name = LaunchScreen.storyboard;
			sourceTree = "<group>";
		};
/* End PBXVariantGroup section */

/* Begin XCBuildConfiguration section */
		37172FED1DF597D4000A1D70 /* Debug */ = {
			isa = XCBuildConfiguration;
			buildSettings = {
				ALWAYS_SEARCH_USER_PATHS = NO;
				CLANG_ANALYZER_NONNULL = YES;
				CLANG_CXX_LANGUAGE_STANDARD = "gnu++0x";
				CLANG_CXX_LIBRARY = "libc++";
				CLANG_ENABLE_MODULES = YES;
				CLANG_ENABLE_OBJC_ARC = YES;
				CLANG_WARN_BOOL_CONVERSION = YES;
				CLANG_WARN_CONSTANT_CONVERSION = YES;
				CLANG_WARN_DIRECT_OBJC_ISA_USAGE = YES_ERROR;
				CLANG_WARN_DOCUMENTATION_COMMENTS = YES;
				CLANG_WARN_EMPTY_BODY = YES;
				CLANG_WARN_ENUM_CONVERSION = YES;
				CLANG_WARN_INFINITE_RECURSION = YES;
				CLANG_WARN_INT_CONVERSION = YES;
				CLANG_WARN_OBJC_ROOT_CLASS = YES_ERROR;
				CLANG_WARN_SUSPICIOUS_MOVES = YES;
				CLANG_WARN_UNREACHABLE_CODE = YES;
				CLANG_WARN__DUPLICATE_METHOD_MATCH = YES;
				"CODE_SIGN_IDENTITY[sdk=iphoneos*]" = "iPhone Developer";
				COPY_PHASE_STRIP = NO;
				DEBUG_INFORMATION_FORMAT = dwarf;
				ENABLE_STRICT_OBJC_MSGSEND = YES;
				ENABLE_TESTABILITY = YES;
				GCC_C_LANGUAGE_STANDARD = gnu99;
				GCC_DYNAMIC_NO_PIC = NO;
				GCC_NO_COMMON_BLOCKS = YES;
				GCC_OPTIMIZATION_LEVEL = 0;
				GCC_PREPROCESSOR_DEFINITIONS = (
					"DEBUG=1",
					"$(inherited)",
				);
				GCC_WARN_64_TO_32_BIT_CONVERSION = YES;
				GCC_WARN_ABOUT_RETURN_TYPE = YES_ERROR;
				GCC_WARN_UNDECLARED_SELECTOR = YES;
				GCC_WARN_UNINITIALIZED_AUTOS = YES_AGGRESSIVE;
				GCC_WARN_UNUSED_FUNCTION = YES;
				GCC_WARN_UNUSED_VARIABLE = YES;
				IPHONEOS_DEPLOYMENT_TARGET = 10.1;
				MTL_ENABLE_DEBUG_INFO = YES;
				ONLY_ACTIVE_ARCH = YES;
				SDKROOT = iphoneos;
				SWIFT_ACTIVE_COMPILATION_CONDITIONS = DEBUG;
				SWIFT_OPTIMIZATION_LEVEL = "-Onone";
			};
			name = Debug;
		};
		37172FEE1DF597D4000A1D70 /* Release */ = {
			isa = XCBuildConfiguration;
			buildSettings = {
				ALWAYS_SEARCH_USER_PATHS = NO;
				CLANG_ANALYZER_NONNULL = YES;
				CLANG_CXX_LANGUAGE_STANDARD = "gnu++0x";
				CLANG_CXX_LIBRARY = "libc++";
				CLANG_ENABLE_MODULES = YES;
				CLANG_ENABLE_OBJC_ARC = YES;
				CLANG_WARN_BOOL_CONVERSION = YES;
				CLANG_WARN_CONSTANT_CONVERSION = YES;
				CLANG_WARN_DIRECT_OBJC_ISA_USAGE = YES_ERROR;
				CLANG_WARN_DOCUMENTATION_COMMENTS = YES;
				CLANG_WARN_EMPTY_BODY = YES;
				CLANG_WARN_ENUM_CONVERSION = YES;
				CLANG_WARN_INFINITE_RECURSION = YES;
				CLANG_WARN_INT_CONVERSION = YES;
				CLANG_WARN_OBJC_ROOT_CLASS = YES_ERROR;
				CLANG_WARN_SUSPICIOUS_MOVES = YES;
				CLANG_WARN_UNREACHABLE_CODE = YES;
				CLANG_WARN__DUPLICATE_METHOD_MATCH = YES;
				"CODE_SIGN_IDENTITY[sdk=iphoneos*]" = "iPhone Developer";
				COPY_PHASE_STRIP = NO;
				DEBUG_INFORMATION_FORMAT = "dwarf-with-dsym";
				ENABLE_NS_ASSERTIONS = NO;
				ENABLE_STRICT_OBJC_MSGSEND = YES;
				GCC_C_LANGUAGE_STANDARD = gnu99;
				GCC_NO_COMMON_BLOCKS = YES;
				GCC_WARN_64_TO_32_BIT_CONVERSION = YES;
				GCC_WARN_ABOUT_RETURN_TYPE = YES_ERROR;
				GCC_WARN_UNDECLARED_SELECTOR = YES;
				GCC_WARN_UNINITIALIZED_AUTOS = YES_AGGRESSIVE;
				GCC_WARN_UNUSED_FUNCTION = YES;
				GCC_WARN_UNUSED_VARIABLE = YES;
				IPHONEOS_DEPLOYMENT_TARGET = 10.1;
				MTL_ENABLE_DEBUG_INFO = NO;
				SDKROOT = iphoneos;
				SWIFT_OPTIMIZATION_LEVEL = "-Owholemodule";
				VALIDATE_PRODUCT = YES;
			};
			name = Release;
		};
		37172FF01DF597D4000A1D70 /* Debug */ = {
			isa = XCBuildConfiguration;
			baseConfigurationReference = F7B1C203E618E7AD10E621FB /* Pods-MakerCycleView.debug.xcconfig */;
			buildSettings = {
				ASSETCATALOG_COMPILER_APPICON_NAME = AppIcon;
				DEVELOPMENT_TEAM = KY98ADSRDF;
				INFOPLIST_FILE = MakerCycleView/Info.plist;
				LD_RUNPATH_SEARCH_PATHS = "$(inherited) @executable_path/Frameworks";
				PRODUCT_BUNDLE_IDENTIFIER = maker997.com.MakerCycleView;
				PRODUCT_NAME = "$(TARGET_NAME)";
				SWIFT_VERSION = 3.0;
			};
			name = Debug;
		};
		37172FF11DF597D4000A1D70 /* Release */ = {
			isa = XCBuildConfiguration;
			baseConfigurationReference = AB2A08E5359BDD95855A6598 /* Pods-MakerCycleView.release.xcconfig */;
			buildSettings = {
				ASSETCATALOG_COMPILER_APPICON_NAME = AppIcon;
				DEVELOPMENT_TEAM = KY98ADSRDF;
				INFOPLIST_FILE = MakerCycleView/Info.plist;
				LD_RUNPATH_SEARCH_PATHS = "$(inherited) @executable_path/Frameworks";
				PRODUCT_BUNDLE_IDENTIFIER = maker997.com.MakerCycleView;
				PRODUCT_NAME = "$(TARGET_NAME)";
				SWIFT_VERSION = 3.0;
			};
			name = Release;
		};
/* End XCBuildConfiguration section */

/* Begin XCConfigurationList section */
		37172FD81DF597D4000A1D70 /* Build configuration list for PBXProject "MakerCycleView" */ = {
			isa = XCConfigurationList;
			buildConfigurations = (
				37172FED1DF597D4000A1D70 /* Debug */,
				37172FEE1DF597D4000A1D70 /* Release */,
			);
			defaultConfigurationIsVisible = 0;
			defaultConfigurationName = Release;
		};
		37172FEF1DF597D4000A1D70 /* Build configuration list for PBXNativeTarget "MakerCycleView" */ = {
			isa = XCConfigurationList;
			buildConfigurations = (
				37172FF01DF597D4000A1D70 /* Debug */,
				37172FF11DF597D4000A1D70 /* Release */,
			);
			defaultConfigurationIsVisible = 0;
			defaultConfigurationName = Release;
		};
/* End XCConfigurationList section */
	};
	rootObject = 37172FD51DF597D4000A1D70 /* Project object */;
}
